// !$*UTF8*$!
{
	archiveVersion = 1;
	classes = {
	};
	objectVersion = 55;
	objects = {

/* Begin PBXBuildFile section */
		687004902834C0B7002E9A87 /* GenshinWiki.swift in Sources */ = {isa = PBXBuildFile; fileRef = 6870048F2834C0B7002E9A87 /* GenshinWiki.swift */; };
		687004922834C0B7002E9A87 /* HomeView.swift in Sources */ = {isa = PBXBuildFile; fileRef = 687004912834C0B7002E9A87 /* HomeView.swift */; };
		687004942834C0B9002E9A87 /* Assets.xcassets in Resources */ = {isa = PBXBuildFile; fileRef = 687004932834C0B9002E9A87 /* Assets.xcassets */; };
		687004972834C0B9002E9A87 /* Preview Assets.xcassets in Resources */ = {isa = PBXBuildFile; fileRef = 687004962834C0B9002E9A87 /* Preview Assets.xcassets */; };
		687004A12834C1F4002E9A87 /* ContentModel.swift in Sources */ = {isa = PBXBuildFile; fileRef = 687004A02834C1F4002E9A87 /* ContentModel.swift */; };
		687004A42834C21F002E9A87 /* Character.swift in Sources */ = {isa = PBXBuildFile; fileRef = 687004A32834C21F002E9A87 /* Character.swift */; };
		687004A62834C240002E9A87 /* Constants.swift in Sources */ = {isa = PBXBuildFile; fileRef = 687004A52834C240002E9A87 /* Constants.swift */; };
		687004A82834C28A002E9A87 /* CharacterDetailView.swift in Sources */ = {isa = PBXBuildFile; fileRef = 687004A72834C28A002E9A87 /* CharacterDetailView.swift */; };
		68D94D3A2835B47500F57041 /* CharacterRow.swift in Sources */ = {isa = PBXBuildFile; fileRef = 68D94D392835B47500F57041 /* CharacterRow.swift */; };
/* End PBXBuildFile section */

/* Begin PBXFileReference section */
		6870048C2834C0B7002E9A87 /* Genshin-wiki.app */ = {isa = PBXFileReference; explicitFileType = wrapper.application; includeInIndex = 0; path = "Genshin-wiki.app"; sourceTree = BUILT_PRODUCTS_DIR; };
		6870048F2834C0B7002E9A87 /* GenshinWiki.swift */ = {isa = PBXFileReference; lastKnownFileType = sourcecode.swift; path = GenshinWiki.swift; sourceTree = "<group>"; };
		687004912834C0B7002E9A87 /* HomeView.swift */ = {isa = PBXFileReference; lastKnownFileType = sourcecode.swift; path = HomeView.swift; sourceTree = "<group>"; };
		687004932834C0B9002E9A87 /* Assets.xcassets */ = {isa = PBXFileReference; lastKnownFileType = folder.assetcatalog; path = Assets.xcassets; sourceTree = "<group>"; };
		687004962834C0B9002E9A87 /* Preview Assets.xcassets */ = {isa = PBXFileReference; lastKnownFileType = folder.assetcatalog; path = "Preview Assets.xcassets"; sourceTree = "<group>"; };
		687004A02834C1F4002E9A87 /* ContentModel.swift */ = {isa = PBXFileReference; lastKnownFileType = sourcecode.swift; path = ContentModel.swift; sourceTree = "<group>"; };
		687004A32834C21F002E9A87 /* Character.swift */ = {isa = PBXFileReference; lastKnownFileType = sourcecode.swift; path = Character.swift; sourceTree = "<group>"; };
		687004A52834C240002E9A87 /* Constants.swift */ = {isa = PBXFileReference; lastKnownFileType = sourcecode.swift; path = Constants.swift; sourceTree = "<group>"; };
		687004A72834C28A002E9A87 /* CharacterDetailView.swift */ = {isa = PBXFileReference; lastKnownFileType = sourcecode.swift; path = CharacterDetailView.swift; sourceTree = "<group>"; };
		68D94D392835B47500F57041 /* CharacterRow.swift */ = {isa = PBXFileReference; lastKnownFileType = sourcecode.swift; path = CharacterRow.swift; sourceTree = "<group>"; };
/* End PBXFileReference section */

/* Begin PBXFrameworksBuildPhase section */
		687004892834C0B7002E9A87 /* Frameworks */ = {
			isa = PBXFrameworksBuildPhase;
			buildActionMask = 2147483647;
			files = (
			);
			runOnlyForDeploymentPostprocessing = 0;
		};
/* End PBXFrameworksBuildPhase section */

/* Begin PBXGroup section */
		687004832834C0B7002E9A87 = {
			isa = PBXGroup;
			children = (
				6870048F2834C0B7002E9A87 /* GenshinWiki.swift */,
				6870048E2834C0B7002E9A87 /* Genshin-wiki */,
				6870048D2834C0B7002E9A87 /* Products */,
			);
			sourceTree = "<group>";
		};
		6870048D2834C0B7002E9A87 /* Products */ = {
			isa = PBXGroup;
			children = (
				6870048C2834C0B7002E9A87 /* Genshin-wiki.app */,
			);
			name = Products;
			sourceTree = "<group>";
		};
		6870048E2834C0B7002E9A87 /* Genshin-wiki */ = {
			isa = PBXGroup;
			children = (
				687004A22834C20D002E9A87 /* Models */,
				6870049F2834C16E002E9A87 /* Helpers */,
				6870049E2834C169002E9A87 /* Views */,
				6870049D2834C162002E9A87 /* ViewModels */,
				687004932834C0B9002E9A87 /* Assets.xcassets */,
				687004952834C0B9002E9A87 /* Preview Content */,
			);
			path = "Genshin-wiki";
			sourceTree = "<group>";
		};
		687004952834C0B9002E9A87 /* Preview Content */ = {
			isa = PBXGroup;
			children = (
				687004962834C0B9002E9A87 /* Preview Assets.xcassets */,
			);
			path = "Preview Content";
			sourceTree = "<group>";
		};
		6870049D2834C162002E9A87 /* ViewModels */ = {
			isa = PBXGroup;
			children = (
				687004A02834C1F4002E9A87 /* ContentModel.swift */,
			);
			path = ViewModels;
			sourceTree = "<group>";
		};
		6870049E2834C169002E9A87 /* Views */ = {
			isa = PBXGroup;
			children = (
				687004912834C0B7002E9A87 /* HomeView.swift */,
				687004A72834C28A002E9A87 /* CharacterDetailView.swift */,
				68D94D392835B47500F57041 /* CharacterRow.swift */,
			);
			path = Views;
			sourceTree = "<group>";
		};
		6870049F2834C16E002E9A87 /* Helpers */ = {
			isa = PBXGroup;
			children = (
				687004A52834C240002E9A87 /* Constants.swift */,
			);
			path = Helpers;
			sourceTree = "<group>";
		};
		687004A22834C20D002E9A87 /* Models */ = {
			isa = PBXGroup;
			children = (
				687004A32834C21F002E9A87 /* Character.swift */,
			);
			path = Models;
			sourceTree = "<group>";
		};
/* End PBXGroup section */

/* Begin PBXNativeTarget section */
		6870048B2834C0B7002E9A87 /* Genshin-wiki */ = {
			isa = PBXNativeTarget;
			buildConfigurationList = 6870049A2834C0B9002E9A87 /* Build configuration list for PBXNativeTarget "Genshin-wiki" */;
			buildPhases = (
				687004882834C0B7002E9A87 /* Sources */,
				687004892834C0B7002E9A87 /* Frameworks */,
				6870048A2834C0B7002E9A87 /* Resources */,
			);
			buildRules = (
			);
			dependencies = (
			);
			name = "Genshin-wiki";
			productName = "Genshin-wiki";
			productReference = 6870048C2834C0B7002E9A87 /* Genshin-wiki.app */;
			productType = "com.apple.product-type.application";
		};
/* End PBXNativeTarget section */

/* Begin PBXProject section */
		687004842834C0B7002E9A87 /* Project object */ = {
			isa = PBXProject;
			attributes = {
				BuildIndependentTargetsInParallel = 1;
				LastSwiftUpdateCheck = 1340;
				LastUpgradeCheck = 1340;
				TargetAttributes = {
					6870048B2834C0B7002E9A87 = {
						CreatedOnToolsVersion = 13.4;
					};
				};
			};
			buildConfigurationList = 687004872834C0B7002E9A87 /* Build configuration list for PBXProject "Genshin-wiki" */;
			compatibilityVersion = "Xcode 13.0";
			developmentRegion = en;
			hasScannedForEncodings = 0;
			knownRegions = (
				en,
				Base,
			);
			mainGroup = 687004832834C0B7002E9A87;
			productRefGroup = 6870048D2834C0B7002E9A87 /* Products */;
			projectDirPath = "";
			projectRoot = "";
			targets = (
				6870048B2834C0B7002E9A87 /* Genshin-wiki */,
			);
		};
/* End PBXProject section */

/* Begin PBXResourcesBuildPhase section */
		6870048A2834C0B7002E9A87 /* Resources */ = {
			isa = PBXResourcesBuildPhase;
			buildActionMask = 2147483647;
			files = (
				687004972834C0B9002E9A87 /* Preview Assets.xcassets in Resources */,
				687004942834C0B9002E9A87 /* Assets.xcassets in Resources */,
			);
			runOnlyForDeploymentPostprocessing = 0;
		};
/* End PBXResourcesBuildPhase section */

/* Begin PBXSourcesBuildPhase section */
		687004882834C0B7002E9A87 /* Sources */ = {
			isa = PBXSourcesBuildPhase;
			buildActionMask = 2147483647;
			files = (
				687004A62834C240002E9A87 /* Constants.swift in Sources */,
				687004922834C0B7002E9A87 /* HomeView.swift in Sources */,
				687004902834C0B7002E9A87 /* GenshinWiki.swift in Sources */,
				687004A82834C28A002E9A87 /* CharacterDetailView.swift in Sources */,
				687004A12834C1F4002E9A87 /* ContentModel.swift in Sources */,
				68D94D3A2835B47500F57041 /* CharacterRow.swift in Sources */,
				687004A42834C21F002E9A87 /* Character.swift in Sources */,
			);
			runOnlyForDeploymentPostprocessing = 0;
		};
/* End PBXSourcesBuildPhase section */

/* Begin XCBuildConfiguration section */
		687004982834C0B9002E9A87 /* Debug */ = {
			isa = XCBuildConfiguration;
			buildSettings = {
				ALWAYS_SEARCH_USER_PATHS = NO;
				CLANG_ANALYZER_NONNULL = YES;
				CLANG_ANALYZER_NUMBER_OBJECT_CONVERSION = YES_AGGRESSIVE;
				CLANG_CXX_LANGUAGE_STANDARD = "gnu++17";
				CLANG_ENABLE_MODULES = YES;
				CLANG_ENABLE_OBJC_ARC = YES;
				CLANG_ENABLE_OBJC_WEAK = YES;
				CLANG_WARN_BLOCK_CAPTURE_AUTORELEASING = YES;
				CLANG_WARN_BOOL_CONVERSION = YES;
				CLANG_WARN_COMMA = YES;
				CLANG_WARN_CONSTANT_CONVERSION = YES;
				CLANG_WARN_DEPRECATED_OBJC_IMPLEMENTATIONS = YES;
				CLANG_WARN_DIRECT_OBJC_ISA_USAGE = YES_ERROR;
				CLANG_WARN_DOCUMENTATION_COMMENTS = YES;
				CLANG_WARN_EMPTY_BODY = YES;
				CLANG_WARN_ENUM_CONVERSION = YES;
				CLANG_WARN_INFINITE_RECURSION = YES;
				CLANG_WARN_INT_CONVERSION = YES;
				CLANG_WARN_NON_LITERAL_NULL_CONVERSION = YES;
				CLANG_WARN_OBJC_IMPLICIT_RETAIN_SELF = YES;
				CLANG_WARN_OBJC_LITERAL_CONVERSION = YES;
				CLANG_WARN_OBJC_ROOT_CLASS = YES_ERROR;
				CLANG_WARN_QUOTED_INCLUDE_IN_FRAMEWORK_HEADER = YES;
				CLANG_WARN_RANGE_LOOP_ANALYSIS = YES;
				CLANG_WARN_STRICT_PROTOTYPES = YES;
				CLANG_WARN_SUSPICIOUS_MOVE = YES;
				CLANG_WARN_UNGUARDED_AVAILABILITY = YES_AGGRESSIVE;
				CLANG_WARN_UNREACHABLE_CODE = YES;
				CLANG_WARN__DUPLICATE_METHOD_MATCH = YES;
				COPY_PHASE_STRIP = NO;
				DEBUG_INFORMATION_FORMAT = dwarf;
				ENABLE_STRICT_OBJC_MSGSEND = YES;
				ENABLE_TESTABILITY = YES;
				GCC_C_LANGUAGE_STANDARD = gnu11;
				GCC_DYNAMIC_NO_PIC = NO;
				GCC_NO_COMMON_BLOCKS = YES;
				GCC_OPTIMIZATION_LEVEL = 0;
				GCC_PREPROCESSOR_DEFINITIONS = (
					"DEBUG=1",
					"$(inherited)",
				);
				GCC_WARN_64_TO_32_BIT_CONVERSION = YES;
				GCC_WARN_ABOUT_RETURN_TYPE = YES_ERROR;
				GCC_WARN_UNDECLARED_SELECTOR = YES;
				GCC_WARN_UNINITIALIZED_AUTOS = YES_AGGRESSIVE;
				GCC_WARN_UNUSED_FUNCTION = YES;
				GCC_WARN_UNUSED_VARIABLE = YES;
				IPHONEOS_DEPLOYMENT_TARGET = 15.5;
				MTL_ENABLE_DEBUG_INFO = INCLUDE_SOURCE;
				MTL_FAST_MATH = YES;
				ONLY_ACTIVE_ARCH = YES;
				SDKROOT = iphoneos;
				SWIFT_ACTIVE_COMPILATION_CONDITIONS = DEBUG;
				SWIFT_OPTIMIZATION_LEVEL = "-Onone";
			};
			name = Debug;
		};
		687004992834C0B9002E9A87 /* Release */ = {
			isa = XCBuildConfiguration;
			buildSettings = {
				ALWAYS_SEARCH_USER_PATHS = NO;
				CLANG_ANALYZER_NONNULL = YES;
				CLANG_ANALYZER_NUMBER_OBJECT_CONVERSION = YES_AGGRESSIVE;
				CLANG_CXX_LANGUAGE_STANDARD = "gnu++17";
				CLANG_ENABLE_MODULES = YES;
				CLANG_ENABLE_OBJC_ARC = YES;
				CLANG_ENABLE_OBJC_WEAK = YES;
				CLANG_WARN_BLOCK_CAPTURE_AUTORELEASING = YES;
				CLANG_WARN_BOOL_CONVERSION = YES;
				CLANG_WARN_COMMA = YES;
				CLANG_WARN_CONSTANT_CONVERSION = YES;
				CLANG_WARN_DEPRECATED_OBJC_IMPLEMENTATIONS = YES;
				CLANG_WARN_DIRECT_OBJC_ISA_USAGE = YES_ERROR;
				CLANG_WARN_DOCUMENTATION_COMMENTS = YES;
				CLANG_WARN_EMPTY_BODY = YES;
				CLANG_WARN_ENUM_CONVERSION = YES;
				CLANG_WARN_INFINITE_RECURSION = YES;
				CLANG_WARN_INT_CONVERSION = YES;
				CLANG_WARN_NON_LITERAL_NULL_CONVERSION = YES;
				CLANG_WARN_OBJC_IMPLICIT_RETAIN_SELF = YES;
				CLANG_WARN_OBJC_LITERAL_CONVERSION = YES;
				CLANG_WARN_OBJC_ROOT_CLASS = YES_ERROR;
				CLANG_WARN_QUOTED_INCLUDE_IN_FRAMEWORK_HEADER = YES;
				CLANG_WARN_RANGE_LOOP_ANALYSIS = YES;
				CLANG_WARN_STRICT_PROTOTYPES = YES;
				CLANG_WARN_SUSPICIOUS_MOVE = YES;
				CLANG_WARN_UNGUARDED_AVAILABILITY = YES_AGGRESSIVE;
				CLANG_WARN_UNREACHABLE_CODE = YES;
				CLANG_WARN__DUPLICATE_METHOD_MATCH = YES;
				COPY_PHASE_STRIP = NO;
				DEBUG_INFORMATION_FORMAT = "dwarf-with-dsym";
				ENABLE_NS_ASSERTIONS = NO;
				ENABLE_STRICT_OBJC_MSGSEND = YES;
				GCC_C_LANGUAGE_STANDARD = gnu11;
				GCC_NO_COMMON_BLOCKS = YES;
				GCC_WARN_64_TO_32_BIT_CONVERSION = YES;
				GCC_WARN_ABOUT_RETURN_TYPE = YES_ERROR;
				GCC_WARN_UNDECLARED_SELECTOR = YES;
				GCC_WARN_UNINITIALIZED_AUTOS = YES_AGGRESSIVE;
				GCC_WARN_UNUSED_FUNCTION = YES;
				GCC_WARN_UNUSED_VARIABLE = YES;
				IPHONEOS_DEPLOYMENT_TARGET = 15.5;
				MTL_ENABLE_DEBUG_INFO = NO;
				MTL_FAST_MATH = YES;
				SDKROOT = iphoneos;
				SWIFT_COMPILATION_MODE = wholemodule;
				SWIFT_OPTIMIZATION_LEVEL = "-O";
				VALIDATE_PRODUCT = YES;
			};
			name = Release;
		};
		6870049B2834C0B9002E9A87 /* Debug */ = {
			isa = XCBuildConfiguration;
			buildSettings = {
				ASSETCATALOG_COMPILER_APPICON_NAME = AppIcon;
				ASSETCATALOG_COMPILER_GLOBAL_ACCENT_COLOR_NAME = AccentColor;
				CODE_SIGN_STYLE = Automatic;
				CURRENT_PROJECT_VERSION = 1;
				DEVELOPMENT_ASSET_PATHS = "\"Genshin-wiki/Preview Content\"";
				DEVELOPMENT_TEAM = 9BPWX42RHU;
				ENABLE_PREVIEWS = YES;
				GENERATE_INFOPLIST_FILE = YES;
				INFOPLIST_FILE = "Genshin-wiki/Info.plist";
				INFOPLIST_KEY_UIApplicationSceneManifest_Generation = YES;
				INFOPLIST_KEY_UIApplicationSupportsIndirectInputEvents = YES;
				INFOPLIST_KEY_UILaunchScreen_Generation = YES;
				INFOPLIST_KEY_UISupportedInterfaceOrientations_iPad = "UIInterfaceOrientationPortrait UIInterfaceOrientationPortraitUpsideDown UIInterfaceOrientationLandscapeLeft UIInterfaceOrientationLandscapeRight";
				INFOPLIST_KEY_UISupportedInterfaceOrientations_iPhone = "UIInterfaceOrientationPortrait UIInterfaceOrientationLandscapeLeft UIInterfaceOrientationLandscapeRight";
				LD_RUNPATH_SEARCH_PATHS = (
					"$(inherited)",
					"@executable_path/Frameworks",
				);
				MARKETING_VERSION = 1.0;
				PRODUCT_BUNDLE_IDENTIFIER = "com.lirixin.Genshin-wiki";
				PRODUCT_NAME = "$(TARGET_NAME)";
				SWIFT_EMIT_LOC_STRINGS = YES;
				SWIFT_VERSION = 5.0;
				TARGETED_DEVICE_FAMILY = "1,2";
			};
			name = Debug;
		};
		6870049C2834C0B9002E9A87 /* Release */ = {
			isa = XCBuildConfiguration;
			buildSettings = {
				ASSETCATALOG_COMPILER_APPICON_NAME = AppIcon;
				ASSETCATALOG_COMPILER_GLOBAL_ACCENT_COLOR_NAME = AccentColor;
				CODE_SIGN_STYLE = Automatic;
				CURRENT_PROJECT_VERSION = 1;
				DEVELOPMENT_ASSET_PATHS = "\"Genshin-wiki/Preview Content\"";
				DEVELOPMENT_TEAM = 9BPWX42RHU;
				ENABLE_PREVIEWS = YES;
				GENERATE_INFOPLIST_FILE = YES;
				INFOPLIST_FILE = "Genshin-wiki/Info.plist";
				INFOPLIST_KEY_UIApplicationSceneManifest_Generation = YES;
				INFOPLIST_KEY_UIApplicationSupportsIndirectInputEvents = YES;
				INFOPLIST_KEY_UILaunchScreen_Generation = YES;
				INFOPLIST_KEY_UISupportedInterfaceOrientations_iPad = "UIInterfaceOrientationPortrait UIInterfaceOrientationPortraitUpsideDown UIInterfaceOrientationLandscapeLeft UIInterfaceOrientationLandscapeRight";
				INFOPLIST_KEY_UISupportedInterfaceOrientations_iPhone = "UIInterfaceOrientationPortrait UIInterfaceOrientationLandscapeLeft UIInterfaceOrientationLandscapeRight";
				LD_RUNPATH_SEARCH_PATHS = (
					"$(inherited)",
					"@executable_path/Frameworks",
				);
				MARKETING_VERSION = 1.0;
				PRODUCT_BUNDLE_IDENTIFIER = "com.lirixin.Genshin-wiki";
				PRODUCT_NAME = "$(TARGET_NAME)";
				SWIFT_EMIT_LOC_STRINGS = YES;
				SWIFT_VERSION = 5.0;
				TARGETED_DEVICE_FAMILY = "1,2";
			};
			name = Release;
		};
/* End XCBuildConfiguration section */

/* Begin XCConfigurationList section */
		687004872834C0B7002E9A87 /* Build configuration list for PBXProject "Genshin-wiki" */ = {
			isa = XCConfigurationList;
			buildConfigurations = (
				687004982834C0B9002E9A87 /* Debug */,
				687004992834C0B9002E9A87 /* Release */,
			);
			defaultConfigurationIsVisible = 0;
			defaultConfigurationName = Release;
		};
		6870049A2834C0B9002E9A87 /* Build configuration list for PBXNativeTarget "Genshin-wiki" */ = {
			isa = XCConfigurationList;
			buildConfigurations = (
				6870049B2834C0B9002E9A87 /* Debug */,
				6870049C2834C0B9002E9A87 /* Release */,
			);
			defaultConfigurationIsVisible = 0;
			defaultConfigurationName = Release;
		};
/* End XCConfigurationList section */
	};
	rootObject = 687004842834C0B7002E9A87 /* Project object */;
}
